// !$*UTF8*$!
{
	archiveVersion = 1;
	classes = {
	};
	objectVersion = 50;
	objects = {

/* Begin PBXBuildFile section */
		5E44FBEE2472BF440018CD06 /* HomeBottomControlStackView.swift in Sources */ = {isa = PBXBuildFile; fileRef = 5E44FBED2472BF440018CD06 /* HomeBottomControlStackView.swift */; };
		5E44FBF02472C2F70018CD06 /* TopNavigationStackView.swift in Sources */ = {isa = PBXBuildFile; fileRef = 5E44FBEF2472C2F70018CD06 /* TopNavigationStackView.swift */; };
		5E44FBF22472D2270018CD06 /* CardView.swift in Sources */ = {isa = PBXBuildFile; fileRef = 5E44FBF12472D2270018CD06 /* CardView.swift */; };
		5E48129A24718BA600A3091B /* Extensions+UIView.swift in Sources */ = {isa = PBXBuildFile; fileRef = 5E48129924718BA600A3091B /* Extensions+UIView.swift */; };
		5ED3B70624717EC200AB5D2B /* AppDelegate.swift in Sources */ = {isa = PBXBuildFile; fileRef = 5ED3B70524717EC200AB5D2B /* AppDelegate.swift */; };
		5ED3B70824717EC200AB5D2B /* SceneDelegate.swift in Sources */ = {isa = PBXBuildFile; fileRef = 5ED3B70724717EC200AB5D2B /* SceneDelegate.swift */; };
		5ED3B70A24717EC200AB5D2B /* ViewController.swift in Sources */ = {isa = PBXBuildFile; fileRef = 5ED3B70924717EC200AB5D2B /* ViewController.swift */; };
		5ED3B70D24717EC200AB5D2B /* Main.storyboard in Resources */ = {isa = PBXBuildFile; fileRef = 5ED3B70B24717EC200AB5D2B /* Main.storyboard */; };
		5ED3B70F24717EC300AB5D2B /* Assets.xcassets in Resources */ = {isa = PBXBuildFile; fileRef = 5ED3B70E24717EC300AB5D2B /* Assets.xcassets */; };
		5ED3B71224717EC300AB5D2B /* LaunchScreen.storyboard in Resources */ = {isa = PBXBuildFile; fileRef = 5ED3B71024717EC300AB5D2B /* LaunchScreen.storyboard */; };
/* End PBXBuildFile section */

/* Begin PBXFileReference section */
		5E44FBED2472BF440018CD06 /* HomeBottomControlStackView.swift */ = {isa = PBXFileReference; lastKnownFileType = sourcecode.swift; path = HomeBottomControlStackView.swift; sourceTree = "<group>"; };
		5E44FBEF2472C2F70018CD06 /* TopNavigationStackView.swift */ = {isa = PBXFileReference; lastKnownFileType = sourcecode.swift; path = TopNavigationStackView.swift; sourceTree = "<group>"; };
		5E44FBF12472D2270018CD06 /* CardView.swift */ = {isa = PBXFileReference; lastKnownFileType = sourcecode.swift; path = CardView.swift; sourceTree = "<group>"; };
		5E48129924718BA600A3091B /* Extensions+UIView.swift */ = {isa = PBXFileReference; fileEncoding = 4; lastKnownFileType = sourcecode.swift; path = "Extensions+UIView.swift"; sourceTree = "<group>"; };
		5ED3B70224717EC200AB5D2B /* SwipeMatchFirestoreLBTA.app */ = {isa = PBXFileReference; explicitFileType = wrapper.application; includeInIndex = 0; path = SwipeMatchFirestoreLBTA.app; sourceTree = BUILT_PRODUCTS_DIR; };
		5ED3B70524717EC200AB5D2B /* AppDelegate.swift */ = {isa = PBXFileReference; lastKnownFileType = sourcecode.swift; path = AppDelegate.swift; sourceTree = "<group>"; };
		5ED3B70724717EC200AB5D2B /* SceneDelegate.swift */ = {isa = PBXFileReference; lastKnownFileType = sourcecode.swift; path = SceneDelegate.swift; sourceTree = "<group>"; };
		5ED3B70924717EC200AB5D2B /* ViewController.swift */ = {isa = PBXFileReference; lastKnownFileType = sourcecode.swift; path = ViewController.swift; sourceTree = "<group>"; };
		5ED3B70C24717EC200AB5D2B /* Base */ = {isa = PBXFileReference; lastKnownFileType = file.storyboard; name = Base; path = Base.lproj/Main.storyboard; sourceTree = "<group>"; };
		5ED3B70E24717EC300AB5D2B /* Assets.xcassets */ = {isa = PBXFileReference; lastKnownFileType = folder.assetcatalog; path = Assets.xcassets; sourceTree = "<group>"; };
		5ED3B71124717EC300AB5D2B /* Base */ = {isa = PBXFileReference; lastKnownFileType = file.storyboard; name = Base; path = Base.lproj/LaunchScreen.storyboard; sourceTree = "<group>"; };
		5ED3B71324717EC300AB5D2B /* Info.plist */ = {isa = PBXFileReference; lastKnownFileType = text.plist.xml; path = Info.plist; sourceTree = "<group>"; };
/* End PBXFileReference section */

/* Begin PBXFrameworksBuildPhase section */
		5ED3B6FF24717EC200AB5D2B /* Frameworks */ = {
			isa = PBXFrameworksBuildPhase;
			buildActionMask = 2147483647;
			files = (
			);
			runOnlyForDeploymentPostprocessing = 0;
		};
/* End PBXFrameworksBuildPhase section */

/* Begin PBXGroup section */
		5E44FBEC2472BF120018CD06 /* Views */ = {
			isa = PBXGroup;
			children = (
				5E44FBED2472BF440018CD06 /* HomeBottomControlStackView.swift */,
				5E44FBEF2472C2F70018CD06 /* TopNavigationStackView.swift */,
				5E44FBF12472D2270018CD06 /* CardView.swift */,
			);
			path = Views;
			sourceTree = "<group>";
		};
		5E48129824718B9000A3091B /* Extensions */ = {
			isa = PBXGroup;
			children = (
				5E48129924718BA600A3091B /* Extensions+UIView.swift */,
			);
			path = Extensions;
			sourceTree = "<group>";
		};
		5ED3B6F924717EC200AB5D2B = {
			isa = PBXGroup;
			children = (
				5ED3B70424717EC200AB5D2B /* SwipeMatchFirestoreLBTA */,
				5ED3B70324717EC200AB5D2B /* Products */,
			);
			sourceTree = "<group>";
		};
		5ED3B70324717EC200AB5D2B /* Products */ = {
			isa = PBXGroup;
			children = (
				5ED3B70224717EC200AB5D2B /* SwipeMatchFirestoreLBTA.app */,
			);
			name = Products;
			sourceTree = "<group>";
		};
		5ED3B70424717EC200AB5D2B /* SwipeMatchFirestoreLBTA */ = {
			isa = PBXGroup;
			children = (
				5E44FBEC2472BF120018CD06 /* Views */,
				5E48129824718B9000A3091B /* Extensions */,
				5ED3B70524717EC200AB5D2B /* AppDelegate.swift */,
				5ED3B70724717EC200AB5D2B /* SceneDelegate.swift */,
				5ED3B70924717EC200AB5D2B /* ViewController.swift */,
				5ED3B70B24717EC200AB5D2B /* Main.storyboard */,
				5ED3B70E24717EC300AB5D2B /* Assets.xcassets */,
				5ED3B71024717EC300AB5D2B /* LaunchScreen.storyboard */,
				5ED3B71324717EC300AB5D2B /* Info.plist */,
			);
			path = SwipeMatchFirestoreLBTA;
			sourceTree = "<group>";
		};
/* End PBXGroup section */

/* Begin PBXNativeTarget section */
		5ED3B70124717EC200AB5D2B /* SwipeMatchFirestoreLBTA */ = {
			isa = PBXNativeTarget;
			buildConfigurationList = 5ED3B71624717EC300AB5D2B /* Build configuration list for PBXNativeTarget "SwipeMatchFirestoreLBTA" */;
			buildPhases = (
				5ED3B6FE24717EC200AB5D2B /* Sources */,
				5ED3B6FF24717EC200AB5D2B /* Frameworks */,
				5ED3B70024717EC200AB5D2B /* Resources */,
			);
			buildRules = (
			);
			dependencies = (
			);
			name = SwipeMatchFirestoreLBTA;
			productName = SwipeMatchFirestoreLBTA;
			productReference = 5ED3B70224717EC200AB5D2B /* SwipeMatchFirestoreLBTA.app */;
			productType = "com.apple.product-type.application";
		};
/* End PBXNativeTarget section */

/* Begin PBXProject section */
		5ED3B6FA24717EC200AB5D2B /* Project object */ = {
			isa = PBXProject;
			attributes = {
				LastSwiftUpdateCheck = 1130;
				LastUpgradeCheck = 1130;
				ORGANIZATIONNAME = "Shunta Nabezawa";
				TargetAttributes = {
					5ED3B70124717EC200AB5D2B = {
						CreatedOnToolsVersion = 11.3.1;
					};
				};
			};
			buildConfigurationList = 5ED3B6FD24717EC200AB5D2B /* Build configuration list for PBXProject "SwipeMatchFirestoreLBTA" */;
			compatibilityVersion = "Xcode 9.3";
			developmentRegion = en;
			hasScannedForEncodings = 0;
			knownRegions = (
				en,
				Base,
			);
			mainGroup = 5ED3B6F924717EC200AB5D2B;
			productRefGroup = 5ED3B70324717EC200AB5D2B /* Products */;
			projectDirPath = "";
			projectRoot = "";
			targets = (
				5ED3B70124717EC200AB5D2B /* SwipeMatchFirestoreLBTA */,
			);
		};
/* End PBXProject section */

/* Begin PBXResourcesBuildPhase section */
		5ED3B70024717EC200AB5D2B /* Resources */ = {
			isa = PBXResourcesBuildPhase;
			buildActionMask = 2147483647;
			files = (
				5ED3B71224717EC300AB5D2B /* LaunchScreen.storyboard in Resources */,
				5ED3B70F24717EC300AB5D2B /* Assets.xcassets in Resources */,
				5ED3B70D24717EC200AB5D2B /* Main.storyboard in Resources */,
			);
			runOnlyForDeploymentPostprocessing = 0;
		};
/* End PBXResourcesBuildPhase section */

/* Begin PBXSourcesBuildPhase section */
		5ED3B6FE24717EC200AB5D2B /* Sources */ = {
			isa = PBXSourcesBuildPhase;
			buildActionMask = 2147483647;
			files = (
				5E44FBF22472D2270018CD06 /* CardView.swift in Sources */,
				5ED3B70A24717EC200AB5D2B /* ViewController.swift in Sources */,
				5ED3B70624717EC200AB5D2B /* AppDelegate.swift in Sources */,
				5E44FBEE2472BF440018CD06 /* HomeBottomControlStackView.swift in Sources */,
				5E44FBF02472C2F70018CD06 /* TopNavigationStackView.swift in Sources */,
				5E48129A24718BA600A3091B /* Extensions+UIView.swift in Sources */,
				5ED3B70824717EC200AB5D2B /* SceneDelegate.swift in Sources */,
			);
			runOnlyForDeploymentPostprocessing = 0;
		};
/* End PBXSourcesBuildPhase section */

/* Begin PBXVariantGroup section */
		5ED3B70B24717EC200AB5D2B /* Main.storyboard */ = {
			isa = PBXVariantGroup;
			children = (
				5ED3B70C24717EC200AB5D2B /* Base */,
			);
			name = Main.storyboard;
			sourceTree = "<group>";
		};
		5ED3B71024717EC300AB5D2B /* LaunchScreen.storyboard */ = {
			isa = PBXVariantGroup;
			children = (
				5ED3B71124717EC300AB5D2B /* Base */,
			);
			name = LaunchScreen.storyboard;
			sourceTree = "<group>";
		};
/* End PBXVariantGroup section */

/* Begin XCBuildConfiguration section */
		5ED3B71424717EC300AB5D2B /* Debug */ = {
			isa = XCBuildConfiguration;
			buildSettings = {
				ALWAYS_SEARCH_USER_PATHS = NO;
				CLANG_ANALYZER_NONNULL = YES;
				CLANG_ANALYZER_NUMBER_OBJECT_CONVERSION = YES_AGGRESSIVE;
				CLANG_CXX_LANGUAGE_STANDARD = "gnu++14";
				CLANG_CXX_LIBRARY = "libc++";
				CLANG_ENABLE_MODULES = YES;
				CLANG_ENABLE_OBJC_ARC = YES;
				CLANG_ENABLE_OBJC_WEAK = YES;
				CLANG_WARN_BLOCK_CAPTURE_AUTORELEASING = YES;
				CLANG_WARN_BOOL_CONVERSION = YES;
				CLANG_WARN_COMMA = YES;
				CLANG_WARN_CONSTANT_CONVERSION = YES;
				CLANG_WARN_DEPRECATED_OBJC_IMPLEMENTATIONS = YES;
				CLANG_WARN_DIRECT_OBJC_ISA_USAGE = YES_ERROR;
				CLANG_WARN_DOCUMENTATION_COMMENTS = YES;
				CLANG_WARN_EMPTY_BODY = YES;
				CLANG_WARN_ENUM_CONVERSION = YES;
				CLANG_WARN_INFINITE_RECURSION = YES;
				CLANG_WARN_INT_CONVERSION = YES;
				CLANG_WARN_NON_LITERAL_NULL_CONVERSION = YES;
				CLANG_WARN_OBJC_IMPLICIT_RETAIN_SELF = YES;
				CLANG_WARN_OBJC_LITERAL_CONVERSION = YES;
				CLANG_WARN_OBJC_ROOT_CLASS = YES_ERROR;
				CLANG_WARN_RANGE_LOOP_ANALYSIS = YES;
				CLANG_WARN_STRICT_PROTOTYPES = YES;
				CLANG_WARN_SUSPICIOUS_MOVE = YES;
				CLANG_WARN_UNGUARDED_AVAILABILITY = YES_AGGRESSIVE;
				CLANG_WARN_UNREACHABLE_CODE = YES;
				CLANG_WARN__DUPLICATE_METHOD_MATCH = YES;
				COPY_PHASE_STRIP = NO;
				DEBUG_INFORMATION_FORMAT = dwarf;
				ENABLE_STRICT_OBJC_MSGSEND = YES;
				ENABLE_TESTABILITY = YES;
				GCC_C_LANGUAGE_STANDARD = gnu11;
				GCC_DYNAMIC_NO_PIC = NO;
				GCC_NO_COMMON_BLOCKS = YES;
				GCC_OPTIMIZATION_LEVEL = 0;
				GCC_PREPROCESSOR_DEFINITIONS = (
					"DEBUG=1",
					"$(inherited)",
				);
				GCC_WARN_64_TO_32_BIT_CONVERSION = YES;
				GCC_WARN_ABOUT_RETURN_TYPE = YES_ERROR;
				GCC_WARN_UNDECLARED_SELECTOR = YES;
				GCC_WARN_UNINITIALIZED_AUTOS = YES_AGGRESSIVE;
				GCC_WARN_UNUSED_FUNCTION = YES;
				GCC_WARN_UNUSED_VARIABLE = YES;
				IPHONEOS_DEPLOYMENT_TARGET = 13.2;
				MTL_ENABLE_DEBUG_INFO = INCLUDE_SOURCE;
				MTL_FAST_MATH = YES;
				ONLY_ACTIVE_ARCH = YES;
				SDKROOT = iphoneos;
				SWIFT_ACTIVE_COMPILATION_CONDITIONS = DEBUG;
				SWIFT_OPTIMIZATION_LEVEL = "-Onone";
			};
			name = Debug;
		};
		5ED3B71524717EC300AB5D2B /* Release */ = {
			isa = XCBuildConfiguration;
			buildSettings = {
				ALWAYS_SEARCH_USER_PATHS = NO;
				CLANG_ANALYZER_NONNULL = YES;
				CLANG_ANALYZER_NUMBER_OBJECT_CONVERSION = YES_AGGRESSIVE;
				CLANG_CXX_LANGUAGE_STANDARD = "gnu++14";
				CLANG_CXX_LIBRARY = "libc++";
				CLANG_ENABLE_MODULES = YES;
				CLANG_ENABLE_OBJC_ARC = YES;
				CLANG_ENABLE_OBJC_WEAK = YES;
				CLANG_WARN_BLOCK_CAPTURE_AUTORELEASING = YES;
				CLANG_WARN_BOOL_CONVERSION = YES;
				CLANG_WARN_COMMA = YES;
				CLANG_WARN_CONSTANT_CONVERSION = YES;
				CLANG_WARN_DEPRECATED_OBJC_IMPLEMENTATIONS = YES;
				CLANG_WARN_DIRECT_OBJC_ISA_USAGE = YES_ERROR;
				CLANG_WARN_DOCUMENTATION_COMMENTS = YES;
				CLANG_WARN_EMPTY_BODY = YES;
				CLANG_WARN_ENUM_CONVERSION = YES;
				CLANG_WARN_INFINITE_RECURSION = YES;
				CLANG_WARN_INT_CONVERSION = YES;
				CLANG_WARN_NON_LITERAL_NULL_CONVERSION = YES;
				CLANG_WARN_OBJC_IMPLICIT_RETAIN_SELF = YES;
				CLANG_WARN_OBJC_LITERAL_CONVERSION = YES;
				CLANG_WARN_OBJC_ROOT_CLASS = YES_ERROR;
				CLANG_WARN_RANGE_LOOP_ANALYSIS = YES;
				CLANG_WARN_STRICT_PROTOTYPES = YES;
				CLANG_WARN_SUSPICIOUS_MOVE = YES;
				CLANG_WARN_UNGUARDED_AVAILABILITY = YES_AGGRESSIVE;
				CLANG_WARN_UNREACHABLE_CODE = YES;
				CLANG_WARN__DUPLICATE_METHOD_MATCH = YES;
				COPY_PHASE_STRIP = NO;
				DEBUG_INFORMATION_FORMAT = "dwarf-with-dsym";
				ENABLE_NS_ASSERTIONS = NO;
				ENABLE_STRICT_OBJC_MSGSEND = YES;
				GCC_C_LANGUAGE_STANDARD = gnu11;
				GCC_NO_COMMON_BLOCKS = YES;
				GCC_WARN_64_TO_32_BIT_CONVERSION = YES;
				GCC_WARN_ABOUT_RETURN_TYPE = YES_ERROR;
				GCC_WARN_UNDECLARED_SELECTOR = YES;
				GCC_WARN_UNINITIALIZED_AUTOS = YES_AGGRESSIVE;
				GCC_WARN_UNUSED_FUNCTION = YES;
				GCC_WARN_UNUSED_VARIABLE = YES;
				IPHONEOS_DEPLOYMENT_TARGET = 13.2;
				MTL_ENABLE_DEBUG_INFO = NO;
				MTL_FAST_MATH = YES;
				SDKROOT = iphoneos;
				SWIFT_COMPILATION_MODE = wholemodule;
				SWIFT_OPTIMIZATION_LEVEL = "-O";
				VALIDATE_PRODUCT = YES;
			};
			name = Release;
		};
		5ED3B71724717EC300AB5D2B /* Debug */ = {
			isa = XCBuildConfiguration;
			buildSettings = {
				ASSETCATALOG_COMPILER_APPICON_NAME = AppIcon;
				CODE_SIGN_STYLE = Automatic;
				DEVELOPMENT_TEAM = 7H9CW555FJ;
				INFOPLIST_FILE = SwipeMatchFirestoreLBTA/Info.plist;
				LD_RUNPATH_SEARCH_PATHS = (
					"$(inherited)",
					"@executable_path/Frameworks",
				);
				PRODUCT_BUNDLE_IDENTIFIER = com.nabeshun.SwipeMatchFirestoreLBTA;
				PRODUCT_NAME = "$(TARGET_NAME)";
				SWIFT_VERSION = 5.0;
				TARGETED_DEVICE_FAMILY = "1,2";
			};
			name = Debug;
		};
		5ED3B71824717EC300AB5D2B /* Release */ = {
			isa = XCBuildConfiguration;
			buildSettings = {
				ASSETCATALOG_COMPILER_APPICON_NAME = AppIcon;
				CODE_SIGN_STYLE = Automatic;
				DEVELOPMENT_TEAM = 7H9CW555FJ;
				INFOPLIST_FILE = SwipeMatchFirestoreLBTA/Info.plist;
				LD_RUNPATH_SEARCH_PATHS = (
					"$(inherited)",
					"@executable_path/Frameworks",
				);
				PRODUCT_BUNDLE_IDENTIFIER = com.nabeshun.SwipeMatchFirestoreLBTA;
				PRODUCT_NAME = "$(TARGET_NAME)";
				SWIFT_VERSION = 5.0;
				TARGETED_DEVICE_FAMILY = "1,2";
			};
			name = Release;
		};
/* End XCBuildConfiguration section */

/* Begin XCConfigurationList section */
		5ED3B6FD24717EC200AB5D2B /* Build configuration list for PBXProject "SwipeMatchFirestoreLBTA" */ = {
			isa = XCConfigurationList;
			buildConfigurations = (
				5ED3B71424717EC300AB5D2B /* Debug */,
				5ED3B71524717EC300AB5D2B /* Release */,
			);
			defaultConfigurationIsVisible = 0;
			defaultConfigurationName = Release;
		};
		5ED3B71624717EC300AB5D2B /* Build configuration list for PBXNativeTarget "SwipeMatchFirestoreLBTA" */ = {
			isa = XCConfigurationList;
			buildConfigurations = (
				5ED3B71724717EC300AB5D2B /* Debug */,
				5ED3B71824717EC300AB5D2B /* Release */,
			);
			defaultConfigurationIsVisible = 0;
			defaultConfigurationName = Release;
		};
/* End XCConfigurationList section */
	};
	rootObject = 5ED3B6FA24717EC200AB5D2B /* Project object */;
}
